
Microsoft Visual Studio Solution File, Format Version 12.00
# Visual Studio Version 17
VisualStudioVersion = 17.14.36518.9 d17.14
MinimumVisualStudioVersion = 10.0.40219.1
Project("{FAE04EC0-301F-11D3-BF4B-00C04F79EFBC}") = "server", "server\server.csproj", "{DAF70FE1-CF46-4782-97AA-5D30A2F81FFC}"
EndProject
Global
	GlobalSection(SolutionConfigurationPlatforms) = preSolution
		Debug|Any CPU = Debug|Any CPU
		Release|Any CPU = Release|Any CPU
	EndGlobalSection
	GlobalSection(ProjectConfigurationPlatforms) = postSolution
		{DAF70FE1-CF46-4782-97AA-5D30A2F81FFC}.Debug|Any CPU.ActiveCfg = Debug|Any CPU
		{DAF70FE1-CF46-4782-97AA-5D30A2F81FFC}.Debug|Any CPU.Build.0 = Debug|Any CPU
		{DAF70FE1-CF46-4782-97AA-5D30A2F81FFC}.Release|Any CPU.ActiveCfg = Release|Any CPU
		{DAF70FE1-CF46-4782-97AA-5D30A2F81FFC}.Release|Any CPU.Build.0 = Release|Any CPU
	EndGlobalSection
	GlobalSection(SolutionProperties) = preSolution
		HideSolutionNode = FALSE
	EndGlobalSection
	GlobalSection(ExtensibilityGlobals) = postSolution
		SolutionGuid = {8433BF43-F5B2-432F-80D5-E03FD2EEF863}
	EndGlobalSection
EndGlobal
